// !$*UTF8*$!
{
	archiveVersion = 1;
	classes = {
	};
	objectVersion = 50;
	objects = {

/* Begin PBXBuildFile section */
		67B4CEA3221B40C100E8AB99 /* AppDelegate.swift in Sources */ = {isa = PBXBuildFile; fileRef = 67B4CEA2221B40C100E8AB99 /* AppDelegate.swift */; };
		67B4CEA5221B40C100E8AB99 /* ViewController.swift in Sources */ = {isa = PBXBuildFile; fileRef = 67B4CEA4221B40C100E8AB99 /* ViewController.swift */; };
		67B4CEA8221B40C100E8AB99 /* Main.storyboard in Resources */ = {isa = PBXBuildFile; fileRef = 67B4CEA6221B40C100E8AB99 /* Main.storyboard */; };
		67B4CEAA221B40C300E8AB99 /* Assets.xcassets in Resources */ = {isa = PBXBuildFile; fileRef = 67B4CEA9221B40C300E8AB99 /* Assets.xcassets */; };
		67B4CEAD221B40C300E8AB99 /* LaunchScreen.storyboard in Resources */ = {isa = PBXBuildFile; fileRef = 67B4CEAB221B40C300E8AB99 /* LaunchScreen.storyboard */; };
		67B4CEB6221B4F4A00E8AB99 /* images.png in Resources */ = {isa = PBXBuildFile; fileRef = 67B4CEB5221B4F4A00E8AB99 /* images.png */; };
		67B4CEB9221B55EA00E8AB99 /* formcell.swift in Sources */ = {isa = PBXBuildFile; fileRef = 67B4CEB8221B55EA00E8AB99 /* formcell.swift */; };
		67B4CEBB221B60C500E8AB99 /* GoogleService-Info.plist in Resources */ = {isa = PBXBuildFile; fileRef = 67B4CEBA221B60C400E8AB99 /* GoogleService-Info.plist */; };
		AAA523ECE295B541CD522759 /* Pods_realTimeChat.framework in Frameworks */ = {isa = PBXBuildFile; fileRef = DEBA377082494662B65FE71C /* Pods_realTimeChat.framework */; };
/* End PBXBuildFile section */

/* Begin PBXFileReference section */
		0FAF6BB0CD594B3577D8E747 /* Pods-realTimeChat.debug.xcconfig */ = {isa = PBXFileReference; includeInIndex = 1; lastKnownFileType = text.xcconfig; name = "Pods-realTimeChat.debug.xcconfig"; path = "Pods/Target Support Files/Pods-realTimeChat/Pods-realTimeChat.debug.xcconfig"; sourceTree = "<group>"; };
		158920ED65599AD9EBADC4F0 /* Pods-realTimeChat.release.xcconfig */ = {isa = PBXFileReference; includeInIndex = 1; lastKnownFileType = text.xcconfig; name = "Pods-realTimeChat.release.xcconfig"; path = "Pods/Target Support Files/Pods-realTimeChat/Pods-realTimeChat.release.xcconfig"; sourceTree = "<group>"; };
		67B4CE9F221B40C100E8AB99 /* realTimeChat.app */ = {isa = PBXFileReference; explicitFileType = wrapper.application; includeInIndex = 0; path = realTimeChat.app; sourceTree = BUILT_PRODUCTS_DIR; };
		67B4CEA2221B40C100E8AB99 /* AppDelegate.swift */ = {isa = PBXFileReference; lastKnownFileType = sourcecode.swift; path = AppDelegate.swift; sourceTree = "<group>"; };
		67B4CEA4221B40C100E8AB99 /* ViewController.swift */ = {isa = PBXFileReference; lastKnownFileType = sourcecode.swift; path = ViewController.swift; sourceTree = "<group>"; };
		67B4CEA7221B40C100E8AB99 /* Base */ = {isa = PBXFileReference; lastKnownFileType = file.storyboard; name = Base; path = Base.lproj/Main.storyboard; sourceTree = "<group>"; };
		67B4CEA9221B40C300E8AB99 /* Assets.xcassets */ = {isa = PBXFileReference; lastKnownFileType = folder.assetcatalog; path = Assets.xcassets; sourceTree = "<group>"; };
		67B4CEAC221B40C300E8AB99 /* Base */ = {isa = PBXFileReference; lastKnownFileType = file.storyboard; name = Base; path = Base.lproj/LaunchScreen.storyboard; sourceTree = "<group>"; };
		67B4CEAE221B40C300E8AB99 /* Info.plist */ = {isa = PBXFileReference; lastKnownFileType = text.plist.xml; path = Info.plist; sourceTree = "<group>"; };
		67B4CEB5221B4F4A00E8AB99 /* images.png */ = {isa = PBXFileReference; lastKnownFileType = image.png; path = images.png; sourceTree = "<group>"; };
		67B4CEB8221B55EA00E8AB99 /* formcell.swift */ = {isa = PBXFileReference; lastKnownFileType = sourcecode.swift; path = formcell.swift; sourceTree = "<group>"; };
		67B4CEBA221B60C400E8AB99 /* GoogleService-Info.plist */ = {isa = PBXFileReference; fileEncoding = 4; lastKnownFileType = text.plist.xml; path = "GoogleService-Info.plist"; sourceTree = "<group>"; };
		DEBA377082494662B65FE71C /* Pods_realTimeChat.framework */ = {isa = PBXFileReference; explicitFileType = wrapper.framework; includeInIndex = 0; path = Pods_realTimeChat.framework; sourceTree = BUILT_PRODUCTS_DIR; };
/* End PBXFileReference section */

/* Begin PBXFrameworksBuildPhase section */
		67B4CE9C221B40C100E8AB99 /* Frameworks */ = {
			isa = PBXFrameworksBuildPhase;
			buildActionMask = 2147483647;
			files = (
				AAA523ECE295B541CD522759 /* Pods_realTimeChat.framework in Frameworks */,
			);
			runOnlyForDeploymentPostprocessing = 0;
		};
/* End PBXFrameworksBuildPhase section */

/* Begin PBXGroup section */
		67B4CE96221B40C100E8AB99 = {
			isa = PBXGroup;
			children = (
				67B4CEA1221B40C100E8AB99 /* realTimeChat */,
				67B4CEA0221B40C100E8AB99 /* Products */,
				A8DB70FF40738EB2CA1D62E5 /* Pods */,
				830E510BFFD00E090744ECD7 /* Frameworks */,
			);
			sourceTree = "<group>";
		};
		67B4CEA0221B40C100E8AB99 /* Products */ = {
			isa = PBXGroup;
			children = (
				67B4CE9F221B40C100E8AB99 /* realTimeChat.app */,
			);
			name = Products;
			sourceTree = "<group>";
		};
		67B4CEA1221B40C100E8AB99 /* realTimeChat */ = {
			isa = PBXGroup;
			children = (
				67B4CEB7221B55D300E8AB99 /* viewCell */,
				67B4CEB4221B4F3500E8AB99 /* resource */,
				67B4CEA2221B40C100E8AB99 /* AppDelegate.swift */,
				67B4CEA4221B40C100E8AB99 /* ViewController.swift */,
				67B4CEA6221B40C100E8AB99 /* Main.storyboard */,
				67B4CEA9221B40C300E8AB99 /* Assets.xcassets */,
				67B4CEAB221B40C300E8AB99 /* LaunchScreen.storyboard */,
				67B4CEAE221B40C300E8AB99 /* Info.plist */,
				67B4CEBA221B60C400E8AB99 /* GoogleService-Info.plist */,
			);
			path = realTimeChat;
			sourceTree = "<group>";
		};
		67B4CEB4221B4F3500E8AB99 /* resource */ = {
			isa = PBXGroup;
			children = (
				67B4CEB5221B4F4A00E8AB99 /* images.png */,
			);
			path = resource;
			sourceTree = "<group>";
		};
		67B4CEB7221B55D300E8AB99 /* viewCell */ = {
			isa = PBXGroup;
			children = (
				67B4CEB8221B55EA00E8AB99 /* formcell.swift */,
			);
			path = viewCell;
			sourceTree = "<group>";
		};
		830E510BFFD00E090744ECD7 /* Frameworks */ = {
			isa = PBXGroup;
			children = (
				DEBA377082494662B65FE71C /* Pods_realTimeChat.framework */,
			);
			name = Frameworks;
			sourceTree = "<group>";
		};
		A8DB70FF40738EB2CA1D62E5 /* Pods */ = {
			isa = PBXGroup;
			children = (
				0FAF6BB0CD594B3577D8E747 /* Pods-realTimeChat.debug.xcconfig */,
				158920ED65599AD9EBADC4F0 /* Pods-realTimeChat.release.xcconfig */,
			);
			name = Pods;
			sourceTree = "<group>";
		};
/* End PBXGroup section */

/* Begin PBXNativeTarget section */
		67B4CE9E221B40C100E8AB99 /* realTimeChat */ = {
			isa = PBXNativeTarget;
			buildConfigurationList = 67B4CEB1221B40C300E8AB99 /* Build configuration list for PBXNativeTarget "realTimeChat" */;
			buildPhases = (
				3735D4E82F08B740C1FF2818 /* [CP] Check Pods Manifest.lock */,
				67B4CE9B221B40C100E8AB99 /* Sources */,
				67B4CE9C221B40C100E8AB99 /* Frameworks */,
				67B4CE9D221B40C100E8AB99 /* Resources */,
				B626B66FBB91298435EFCACF /* [CP] Embed Pods Frameworks */,
			);
			buildRules = (
			);
			dependencies = (
			);
			name = realTimeChat;
			productName = realTimeChat;
			productReference = 67B4CE9F221B40C100E8AB99 /* realTimeChat.app */;
			productType = "com.apple.product-type.application";
		};
/* End PBXNativeTarget section */

/* Begin PBXProject section */
		67B4CE97221B40C100E8AB99 /* Project object */ = {
			isa = PBXProject;
			attributes = {
				LastSwiftUpdateCheck = 1000;
				LastUpgradeCheck = 1000;
				ORGANIZATIONNAME = youssef;
				TargetAttributes = {
					67B4CE9E221B40C100E8AB99 = {
						CreatedOnToolsVersion = 10.0;
					};
				};
			};
			buildConfigurationList = 67B4CE9A221B40C100E8AB99 /* Build configuration list for PBXProject "realTimeChat" */;
			compatibilityVersion = "Xcode 9.3";
			developmentRegion = en;
			hasScannedForEncodings = 0;
			knownRegions = (
				en,
				Base,
			);
			mainGroup = 67B4CE96221B40C100E8AB99;
			productRefGroup = 67B4CEA0221B40C100E8AB99 /* Products */;
			projectDirPath = "";
			projectRoot = "";
			targets = (
				67B4CE9E221B40C100E8AB99 /* realTimeChat */,
			);
		};
/* End PBXProject section */

/* Begin PBXResourcesBuildPhase section */
		67B4CE9D221B40C100E8AB99 /* Resources */ = {
			isa = PBXResourcesBuildPhase;
			buildActionMask = 2147483647;
			files = (
				67B4CEAD221B40C300E8AB99 /* LaunchScreen.storyboard in Resources */,
				67B4CEAA221B40C300E8AB99 /* Assets.xcassets in Resources */,
				67B4CEBB221B60C500E8AB99 /* GoogleService-Info.plist in Resources */,
				67B4CEA8221B40C100E8AB99 /* Main.storyboard in Resources */,
				67B4CEB6221B4F4A00E8AB99 /* images.png in Resources */,
			);
			runOnlyForDeploymentPostprocessing = 0;
		};
/* End PBXResourcesBuildPhase section */

/* Begin PBXShellScriptBuildPhase section */
		3735D4E82F08B740C1FF2818 /* [CP] Check Pods Manifest.lock */ = {
			isa = PBXShellScriptBuildPhase;
			buildActionMask = 2147483647;
			files = (
			);
			inputPaths = (
				"${PODS_PODFILE_DIR_PATH}/Podfile.lock",
				"${PODS_ROOT}/Manifest.lock",
			);
			name = "[CP] Check Pods Manifest.lock";
			outputPaths = (
				"$(DERIVED_FILE_DIR)/Pods-realTimeChat-checkManifestLockResult.txt",
			);
			runOnlyForDeploymentPostprocessing = 0;
			shellPath = /bin/sh;
			shellScript = "diff \"${PODS_PODFILE_DIR_PATH}/Podfile.lock\" \"${PODS_ROOT}/Manifest.lock\" > /dev/null\nif [ $? != 0 ] ; then\n    # print error to STDERR\n    echo \"error: The sandbox is not in sync with the Podfile.lock. Run 'pod install' or update your CocoaPods installation.\" >&2\n    exit 1\nfi\n# This output is used by Xcode 'outputs' to avoid re-running this script phase.\necho \"SUCCESS\" > \"${SCRIPT_OUTPUT_FILE_0}\"\n";
			showEnvVarsInLog = 0;
		};
		B626B66FBB91298435EFCACF /* [CP] Embed Pods Frameworks */ = {
			isa = PBXShellScriptBuildPhase;
			buildActionMask = 2147483647;
			files = (
			);
			inputPaths = (
				"${SRCROOT}/Pods/Target Support Files/Pods-realTimeChat/Pods-realTimeChat-frameworks.sh",
				"${BUILT_PRODUCTS_DIR}/GTMSessionFetcher/GTMSessionFetcher.framework",
				"${BUILT_PRODUCTS_DIR}/GoogleToolboxForMac/GoogleToolboxForMac.framework",
				"${BUILT_PRODUCTS_DIR}/leveldb-library/leveldb.framework",
				"${BUILT_PRODUCTS_DIR}/nanopb/nanopb.framework",
			);
			name = "[CP] Embed Pods Frameworks";
			outputPaths = (
				"${TARGET_BUILD_DIR}/${FRAMEWORKS_FOLDER_PATH}/GTMSessionFetcher.framework",
				"${TARGET_BUILD_DIR}/${FRAMEWORKS_FOLDER_PATH}/GoogleToolboxForMac.framework",
				"${TARGET_BUILD_DIR}/${FRAMEWORKS_FOLDER_PATH}/leveldb.framework",
				"${TARGET_BUILD_DIR}/${FRAMEWORKS_FOLDER_PATH}/nanopb.framework",
			);
			runOnlyForDeploymentPostprocessing = 0;
			shellPath = /bin/sh;
			shellScript = "\"${SRCROOT}/Pods/Target Support Files/Pods-realTimeChat/Pods-realTimeChat-frameworks.sh\"\n";
			showEnvVarsInLog = 0;
		};
/* End PBXShellScriptBuildPhase section */

/* Begin PBXSourcesBuildPhase section */
		67B4CE9B221B40C100E8AB99 /* Sources */ = {
			isa = PBXSourcesBuildPhase;
			buildActionMask = 2147483647;
			files = (
				67B4CEA5221B40C100E8AB99 /* ViewController.swift in Sources */,
				67B4CEA3221B40C100E8AB99 /* AppDelegate.swift in Sources */,
				67B4CEB9221B55EA00E8AB99 /* formcell.swift in Sources */,
			);
			runOnlyForDeploymentPostprocessing = 0;
		};
/* End PBXSourcesBuildPhase section */

/* Begin PBXVariantGroup section */
		67B4CEA6221B40C100E8AB99 /* Main.storyboard */ = {
			isa = PBXVariantGroup;
			children = (
				67B4CEA7221B40C100E8AB99 /* Base */,
			);
			name = Main.storyboard;
			sourceTree = "<group>";
		};
		67B4CEAB221B40C300E8AB99 /* LaunchScreen.storyboard */ = {
			isa = PBXVariantGroup;
			children = (
				67B4CEAC221B40C300E8AB99 /* Base */,
			);
			name = LaunchScreen.storyboard;
			sourceTree = "<group>";
		};
/* End PBXVariantGroup section */

/* Begin XCBuildConfiguration section */
		67B4CEAF221B40C300E8AB99 /* Debug */ = {
			isa = XCBuildConfiguration;
			buildSettings = {
				ALWAYS_SEARCH_USER_PATHS = NO;
				CLANG_ANALYZER_NONNULL = YES;
				CLANG_ANALYZER_NUMBER_OBJECT_CONVERSION = YES_AGGRESSIVE;
				CLANG_CXX_LANGUAGE_STANDARD = "gnu++14";
				CLANG_CXX_LIBRARY = "libc++";
				CLANG_ENABLE_MODULES = YES;
				CLANG_ENABLE_OBJC_ARC = YES;
				CLANG_ENABLE_OBJC_WEAK = YES;
				CLANG_WARN_BLOCK_CAPTURE_AUTORELEASING = YES;
				CLANG_WARN_BOOL_CONVERSION = YES;
				CLANG_WARN_COMMA = YES;
				CLANG_WARN_CONSTANT_CONVERSION = YES;
				CLANG_WARN_DEPRECATED_OBJC_IMPLEMENTATIONS = YES;
				CLANG_WARN_DIRECT_OBJC_ISA_USAGE = YES_ERROR;
				CLANG_WARN_DOCUMENTATION_COMMENTS = YES;
				CLANG_WARN_EMPTY_BODY = YES;
				CLANG_WARN_ENUM_CONVERSION = YES;
				CLANG_WARN_INFINITE_RECURSION = YES;
				CLANG_WARN_INT_CONVERSION = YES;
				CLANG_WARN_NON_LITERAL_NULL_CONVERSION = YES;
				CLANG_WARN_OBJC_IMPLICIT_RETAIN_SELF = YES;
				CLANG_WARN_OBJC_LITERAL_CONVERSION = YES;
				CLANG_WARN_OBJC_ROOT_CLASS = YES_ERROR;
				CLANG_WARN_RANGE_LOOP_ANALYSIS = YES;
				CLANG_WARN_STRICT_PROTOTYPES = YES;
				CLANG_WARN_SUSPICIOUS_MOVE = YES;
				CLANG_WARN_UNGUARDED_AVAILABILITY = YES_AGGRESSIVE;
				CLANG_WARN_UNREACHABLE_CODE = YES;
				CLANG_WARN__DUPLICATE_METHOD_MATCH = YES;
				CODE_SIGN_IDENTITY = "iPhone Developer";
				COPY_PHASE_STRIP = NO;
				DEBUG_INFORMATION_FORMAT = dwarf;
				ENABLE_STRICT_OBJC_MSGSEND = YES;
				ENABLE_TESTABILITY = YES;
				GCC_C_LANGUAGE_STANDARD = gnu11;
				GCC_DYNAMIC_NO_PIC = NO;
				GCC_NO_COMMON_BLOCKS = YES;
				GCC_OPTIMIZATION_LEVEL = 0;
				GCC_PREPROCESSOR_DEFINITIONS = (
					"DEBUG=1",
					"$(inherited)",
				);
				GCC_WARN_64_TO_32_BIT_CONVERSION = YES;
				GCC_WARN_ABOUT_RETURN_TYPE = YES_ERROR;
				GCC_WARN_UNDECLARED_SELECTOR = YES;
				GCC_WARN_UNINITIALIZED_AUTOS = YES_AGGRESSIVE;
				GCC_WARN_UNUSED_FUNCTION = YES;
				GCC_WARN_UNUSED_VARIABLE = YES;
				IPHONEOS_DEPLOYMENT_TARGET = 12.0;
				MTL_ENABLE_DEBUG_INFO = INCLUDE_SOURCE;
				MTL_FAST_MATH = YES;
				ONLY_ACTIVE_ARCH = YES;
				SDKROOT = iphoneos;
				SWIFT_ACTIVE_COMPILATION_CONDITIONS = DEBUG;
				SWIFT_OPTIMIZATION_LEVEL = "-Onone";
			};
			name = Debug;
		};
		67B4CEB0221B40C300E8AB99 /* Release */ = {
			isa = XCBuildConfiguration;
			buildSettings = {
				ALWAYS_SEARCH_USER_PATHS = NO;
				CLANG_ANALYZER_NONNULL = YES;
				CLANG_ANALYZER_NUMBER_OBJECT_CONVERSION = YES_AGGRESSIVE;
				CLANG_CXX_LANGUAGE_STANDARD = "gnu++14";
				CLANG_CXX_LIBRARY = "libc++";
				CLANG_ENABLE_MODULES = YES;
				CLANG_ENABLE_OBJC_ARC = YES;
				CLANG_ENABLE_OBJC_WEAK = YES;
				CLANG_WARN_BLOCK_CAPTURE_AUTORELEASING = YES;
				CLANG_WARN_BOOL_CONVERSION = YES;
				CLANG_WARN_COMMA = YES;
				CLANG_WARN_CONSTANT_CONVERSION = YES;
				CLANG_WARN_DEPRECATED_OBJC_IMPLEMENTATIONS = YES;
				CLANG_WARN_DIRECT_OBJC_ISA_USAGE = YES_ERROR;
				CLANG_WARN_DOCUMENTATION_COMMENTS = YES;
				CLANG_WARN_EMPTY_BODY = YES;
				CLANG_WARN_ENUM_CONVERSION = YES;
				CLANG_WARN_INFINITE_RECURSION = YES;
				CLANG_WARN_INT_CONVERSION = YES;
				CLANG_WARN_NON_LITERAL_NULL_CONVERSION = YES;
				CLANG_WARN_OBJC_IMPLICIT_RETAIN_SELF = YES;
				CLANG_WARN_OBJC_LITERAL_CONVERSION = YES;
				CLANG_WARN_OBJC_ROOT_CLASS = YES_ERROR;
				CLANG_WARN_RANGE_LOOP_ANALYSIS = YES;
				CLANG_WARN_STRICT_PROTOTYPES = YES;
				CLANG_WARN_SUSPICIOUS_MOVE = YES;
				CLANG_WARN_UNGUARDED_AVAILABILITY = YES_AGGRESSIVE;
				CLANG_WARN_UNREACHABLE_CODE = YES;
				CLANG_WARN__DUPLICATE_METHOD_MATCH = YES;
				CODE_SIGN_IDENTITY = "iPhone Developer";
				COPY_PHASE_STRIP = NO;
				DEBUG_INFORMATION_FORMAT = "dwarf-with-dsym";
				ENABLE_NS_ASSERTIONS = NO;
				ENABLE_STRICT_OBJC_MSGSEND = YES;
				GCC_C_LANGUAGE_STANDARD = gnu11;
				GCC_NO_COMMON_BLOCKS = YES;
				GCC_WARN_64_TO_32_BIT_CONVERSION = YES;
				GCC_WARN_ABOUT_RETURN_TYPE = YES_ERROR;
				GCC_WARN_UNDECLARED_SELECTOR = YES;
				GCC_WARN_UNINITIALIZED_AUTOS = YES_AGGRESSIVE;
				GCC_WARN_UNUSED_FUNCTION = YES;
				GCC_WARN_UNUSED_VARIABLE = YES;
				IPHONEOS_DEPLOYMENT_TARGET = 12.0;
				MTL_ENABLE_DEBUG_INFO = NO;
				MTL_FAST_MATH = YES;
				SDKROOT = iphoneos;
				SWIFT_COMPILATION_MODE = wholemodule;
				SWIFT_OPTIMIZATION_LEVEL = "-O";
				VALIDATE_PRODUCT = YES;
			};
			name = Release;
		};
		67B4CEB2221B40C300E8AB99 /* Debug */ = {
			isa = XCBuildConfiguration;
			baseConfigurationReference = 0FAF6BB0CD594B3577D8E747 /* Pods-realTimeChat.debug.xcconfig */;
			buildSettings = {
				ASSETCATALOG_COMPILER_APPICON_NAME = AppIcon;
				CODE_SIGN_STYLE = Automatic;
				INFOPLIST_FILE = realTimeChat/Info.plist;
				LD_RUNPATH_SEARCH_PATHS = (
					"$(inherited)",
					"@executable_path/Frameworks",
				);
				PRODUCT_BUNDLE_IDENTIFIER = personal.realTimeChat;
				PRODUCT_NAME = "$(TARGET_NAME)";
				SWIFT_VERSION = 4.2;
				TARGETED_DEVICE_FAMILY = "1,2";
			};
			name = Debug;
		};
		67B4CEB3221B40C300E8AB99 /* Release */ = {
			isa = XCBuildConfiguration;
			baseConfigurationReference = 158920ED65599AD9EBADC4F0 /* Pods-realTimeChat.release.xcconfig */;
			buildSettings = {
				ASSETCATALOG_COMPILER_APPICON_NAME = AppIcon;
				CODE_SIGN_STYLE = Automatic;
				INFOPLIST_FILE = realTimeChat/Info.plist;
				LD_RUNPATH_SEARCH_PATHS = (
					"$(inherited)",
					"@executable_path/Frameworks",
				);
				PRODUCT_BUNDLE_IDENTIFIER = personal.realTimeChat;
				PRODUCT_NAME = "$(TARGET_NAME)";
				SWIFT_VERSION = 4.2;
				TARGETED_DEVICE_FAMILY = "1,2";
			};
			name = Release;
		};
/* End XCBuildConfiguration section */

/* Begin XCConfigurationList section */
		67B4CE9A221B40C100E8AB99 /* Build configuration list for PBXProject "realTimeChat" */ = {
			isa = XCConfigurationList;
			buildConfigurations = (
				67B4CEAF221B40C300E8AB99 /* Debug */,
				67B4CEB0221B40C300E8AB99 /* Release */,
			);
			defaultConfigurationIsVisible = 0;
			defaultConfigurationName = Release;
		};
		67B4CEB1221B40C300E8AB99 /* Build configuration list for PBXNativeTarget "realTimeChat" */ = {
			isa = XCConfigurationList;
			buildConfigurations = (
				67B4CEB2221B40C300E8AB99 /* Debug */,
				67B4CEB3221B40C300E8AB99 /* Release */,
			);
			defaultConfigurationIsVisible = 0;
			defaultConfigurationName = Release;
		};
/* End XCConfigurationList section */
	};
	rootObject = 67B4CE97221B40C100E8AB99 /* Project object */;
}
